// !$*UTF8*$!
{
	archiveVersion = 1;
	classes = {
	};
	objectVersion = 56;
	objects = {

/* Begin PBXBuildFile section */
		62009C192AFBC7F400151801 /* AddJobViewController.swift in Sources */ = {isa = PBXBuildFile; fileRef = 62009C182AFBC7F400151801 /* AddJobViewController.swift */; };
		62009C1C2AFBD7AE00151801 /* Job.swift in Sources */ = {isa = PBXBuildFile; fileRef = 62009C1B2AFBD7AE00151801 /* Job.swift */; };
		621385552AFC01CE005551C8 /* ProfileViewController.swift in Sources */ = {isa = PBXBuildFile; fileRef = 621385542AFC01CE005551C8 /* ProfileViewController.swift */; };
		621385572AFC01E1005551C8 /* MessagesViewController.swift in Sources */ = {isa = PBXBuildFile; fileRef = 621385562AFC01E1005551C8 /* MessagesViewController.swift */; };
		621385592AFC0219005551C8 /* MainViewController.swift in Sources */ = {isa = PBXBuildFile; fileRef = 621385582AFC0219005551C8 /* MainViewController.swift */; };
		62471CA12AFABB730098FB7A /* GoogleService-Info.plist in Resources */ = {isa = PBXBuildFile; fileRef = 62471CA02AFABB720098FB7A /* GoogleService-Info.plist */; };
		628E034E2AF9770D009C503B /* AppDelegate.swift in Sources */ = {isa = PBXBuildFile; fileRef = 628E034D2AF9770D009C503B /* AppDelegate.swift */; };
		628E03502AF9770D009C503B /* SceneDelegate.swift in Sources */ = {isa = PBXBuildFile; fileRef = 628E034F2AF9770D009C503B /* SceneDelegate.swift */; };
		628E03552AF9770D009C503B /* Main.storyboard in Resources */ = {isa = PBXBuildFile; fileRef = 628E03532AF9770D009C503B /* Main.storyboard */; };
		628E03572AF9770F009C503B /* Assets.xcassets in Resources */ = {isa = PBXBuildFile; fileRef = 628E03562AF9770F009C503B /* Assets.xcassets */; };
		628E035A2AF9770F009C503B /* LaunchScreen.storyboard in Resources */ = {isa = PBXBuildFile; fileRef = 628E03582AF9770F009C503B /* LaunchScreen.storyboard */; };
		629064A52AFAC466003C7CBF /* GoogleService2-Info.plist in Resources */ = {isa = PBXBuildFile; fileRef = 629064A42AFAC466003C7CBF /* GoogleService2-Info.plist */; };
		629064B02AFAC838003C7CBF /* Constant.swift in Sources */ = {isa = PBXBuildFile; fileRef = 629064AF2AFAC837003C7CBF /* Constant.swift */; };
		62CE2ACC2AFD6087004B9E9B /* Cities.swift in Sources */ = {isa = PBXBuildFile; fileRef = 62CE2ACB2AFD6087004B9E9B /* Cities.swift */; };
		62CE2ACE2AFD6094004B9E9B /* Categories.swift in Sources */ = {isa = PBXBuildFile; fileRef = 62CE2ACD2AFD6094004B9E9B /* Categories.swift */; };
		62CE2AD12AFD8E84004B9E9B /* FirebaseAnalytics in Frameworks */ = {isa = PBXBuildFile; productRef = 62CE2AD02AFD8E84004B9E9B /* FirebaseAnalytics */; };
		62CE2AD32AFD8E84004B9E9B /* FirebaseAuth in Frameworks */ = {isa = PBXBuildFile; productRef = 62CE2AD22AFD8E84004B9E9B /* FirebaseAuth */; };
		62CE2AD52AFD8E84004B9E9B /* FirebaseDatabase in Frameworks */ = {isa = PBXBuildFile; productRef = 62CE2AD42AFD8E84004B9E9B /* FirebaseDatabase */; };
		62CE2AD72AFD8E84004B9E9B /* FirebaseDatabaseSwift in Frameworks */ = {isa = PBXBuildFile; productRef = 62CE2AD62AFD8E84004B9E9B /* FirebaseDatabaseSwift */; };
		62CE2AD92AFD8E84004B9E9B /* FirebaseFirestore in Frameworks */ = {isa = PBXBuildFile; productRef = 62CE2AD82AFD8E84004B9E9B /* FirebaseFirestore */; };
		62CE2ADB2AFD8E84004B9E9B /* FirebaseMessaging in Frameworks */ = {isa = PBXBuildFile; productRef = 62CE2ADA2AFD8E84004B9E9B /* FirebaseMessaging */; };
		62CE2ADD2AFD8E84004B9E9B /* FirebaseStorage in Frameworks */ = {isa = PBXBuildFile; productRef = 62CE2ADC2AFD8E84004B9E9B /* FirebaseStorage */; };
		62FBDAA42AF990D9002E396C /* WelcomViewController.swift in Sources */ = {isa = PBXBuildFile; fileRef = 62FBDAA32AF990D9002E396C /* WelcomViewController.swift */; };
		62FBDAA72AF99173002E396C /* RegisterViewController.swift in Sources */ = {isa = PBXBuildFile; fileRef = 62FBDAA62AF99173002E396C /* RegisterViewController.swift */; };
		62FBDAA92AF99180002E396C /* LoginViewController.swift in Sources */ = {isa = PBXBuildFile; fileRef = 62FBDAA82AF99180002E396C /* LoginViewController.swift */; };
/* End PBXBuildFile section */

/* Begin PBXFileReference section */
		62009C182AFBC7F400151801 /* AddJobViewController.swift */ = {isa = PBXFileReference; lastKnownFileType = sourcecode.swift; path = AddJobViewController.swift; sourceTree = "<group>"; };
		62009C1B2AFBD7AE00151801 /* Job.swift */ = {isa = PBXFileReference; lastKnownFileType = sourcecode.swift; path = Job.swift; sourceTree = "<group>"; };
		621385542AFC01CE005551C8 /* ProfileViewController.swift */ = {isa = PBXFileReference; lastKnownFileType = sourcecode.swift; path = ProfileViewController.swift; sourceTree = "<group>"; };
		621385562AFC01E1005551C8 /* MessagesViewController.swift */ = {isa = PBXFileReference; lastKnownFileType = sourcecode.swift; path = MessagesViewController.swift; sourceTree = "<group>"; };
		621385582AFC0219005551C8 /* MainViewController.swift */ = {isa = PBXFileReference; lastKnownFileType = sourcecode.swift; path = MainViewController.swift; sourceTree = "<group>"; };
		62471CA02AFABB720098FB7A /* GoogleService-Info.plist */ = {isa = PBXFileReference; fileEncoding = 4; lastKnownFileType = text.plist.xml; path = "GoogleService-Info.plist"; sourceTree = "<group>"; };
		628E034A2AF9770D009C503B /* Freelance.app */ = {isa = PBXFileReference; explicitFileType = wrapper.application; includeInIndex = 0; path = Freelance.app; sourceTree = BUILT_PRODUCTS_DIR; };
		628E034D2AF9770D009C503B /* AppDelegate.swift */ = {isa = PBXFileReference; lastKnownFileType = sourcecode.swift; path = AppDelegate.swift; sourceTree = "<group>"; };
		628E034F2AF9770D009C503B /* SceneDelegate.swift */ = {isa = PBXFileReference; lastKnownFileType = sourcecode.swift; path = SceneDelegate.swift; sourceTree = "<group>"; };
		628E03542AF9770D009C503B /* Base */ = {isa = PBXFileReference; lastKnownFileType = file.storyboard; name = Base; path = Base.lproj/Main.storyboard; sourceTree = "<group>"; };
		628E03562AF9770F009C503B /* Assets.xcassets */ = {isa = PBXFileReference; lastKnownFileType = folder.assetcatalog; path = Assets.xcassets; sourceTree = "<group>"; };
		628E03592AF9770F009C503B /* Base */ = {isa = PBXFileReference; lastKnownFileType = file.storyboard; name = Base; path = Base.lproj/LaunchScreen.storyboard; sourceTree = "<group>"; };
		628E035B2AF9770F009C503B /* Info.plist */ = {isa = PBXFileReference; lastKnownFileType = text.plist.xml; path = Info.plist; sourceTree = "<group>"; };
		629064A42AFAC466003C7CBF /* GoogleService2-Info.plist */ = {isa = PBXFileReference; fileEncoding = 4; lastKnownFileType = text.plist.xml; path = "GoogleService2-Info.plist"; sourceTree = "<group>"; };
		629064AF2AFAC837003C7CBF /* Constant.swift */ = {isa = PBXFileReference; lastKnownFileType = sourcecode.swift; path = Constant.swift; sourceTree = "<group>"; };
		62CE2ACB2AFD6087004B9E9B /* Cities.swift */ = {isa = PBXFileReference; lastKnownFileType = sourcecode.swift; path = Cities.swift; sourceTree = "<group>"; };
		62CE2ACD2AFD6094004B9E9B /* Categories.swift */ = {isa = PBXFileReference; lastKnownFileType = sourcecode.swift; path = Categories.swift; sourceTree = "<group>"; };
		62FBDAA32AF990D9002E396C /* WelcomViewController.swift */ = {isa = PBXFileReference; lastKnownFileType = sourcecode.swift; path = WelcomViewController.swift; sourceTree = "<group>"; };
		62FBDAA62AF99173002E396C /* RegisterViewController.swift */ = {isa = PBXFileReference; lastKnownFileType = sourcecode.swift; path = RegisterViewController.swift; sourceTree = "<group>"; };
		62FBDAA82AF99180002E396C /* LoginViewController.swift */ = {isa = PBXFileReference; lastKnownFileType = sourcecode.swift; path = LoginViewController.swift; sourceTree = "<group>"; };
/* End PBXFileReference section */

/* Begin PBXFrameworksBuildPhase section */
		628E03472AF9770D009C503B /* Frameworks */ = {
			isa = PBXFrameworksBuildPhase;
			buildActionMask = 2147483647;
			files = (
				62CE2ADB2AFD8E84004B9E9B /* FirebaseMessaging in Frameworks */,
				62CE2AD72AFD8E84004B9E9B /* FirebaseDatabaseSwift in Frameworks */,
				62CE2AD52AFD8E84004B9E9B /* FirebaseDatabase in Frameworks */,
				62CE2AD12AFD8E84004B9E9B /* FirebaseAnalytics in Frameworks */,
				62CE2ADD2AFD8E84004B9E9B /* FirebaseStorage in Frameworks */,
				62CE2AD92AFD8E84004B9E9B /* FirebaseFirestore in Frameworks */,
				62CE2AD32AFD8E84004B9E9B /* FirebaseAuth in Frameworks */,
			);
			runOnlyForDeploymentPostprocessing = 0;
		};
/* End PBXFrameworksBuildPhase section */

/* Begin PBXGroup section */
		62009C1A2AFBD79200151801 /* Model */ = {
			isa = PBXGroup;
			children = (
				62009C1B2AFBD7AE00151801 /* Job.swift */,
				62CE2ACB2AFD6087004B9E9B /* Cities.swift */,
				62CE2ACD2AFD6094004B9E9B /* Categories.swift */,
			);
			path = Model;
			sourceTree = "<group>";
		};
		628E03412AF9770D009C503B = {
			isa = PBXGroup;
			children = (
				628E034C2AF9770D009C503B /* Freelance */,
				628E034B2AF9770D009C503B /* Products */,
			);
			sourceTree = "<group>";
		};
		628E034B2AF9770D009C503B /* Products */ = {
			isa = PBXGroup;
			children = (
				628E034A2AF9770D009C503B /* Freelance.app */,
			);
			name = Products;
			sourceTree = "<group>";
		};
		628E034C2AF9770D009C503B /* Freelance */ = {
			isa = PBXGroup;
			children = (
				628E034D2AF9770D009C503B /* AppDelegate.swift */,
				628E034F2AF9770D009C503B /* SceneDelegate.swift */,
				62009C1A2AFBD79200151801 /* Model */,
				62FBDAA52AF99154002E396C /* Controller */,
				628E03612AF98FF6009C503B /* View */,
				628E03562AF9770F009C503B /* Assets.xcassets */,
				628E03582AF9770F009C503B /* LaunchScreen.storyboard */,
				628E035B2AF9770F009C503B /* Info.plist */,
				629064A42AFAC466003C7CBF /* GoogleService2-Info.plist */,
				629064AF2AFAC837003C7CBF /* Constant.swift */,
			);
			path = Freelance;
			sourceTree = "<group>";
		};
		628E03612AF98FF6009C503B /* View */ = {
			isa = PBXGroup;
			children = (
				62471CA02AFABB720098FB7A /* GoogleService-Info.plist */,
				628E03532AF9770D009C503B /* Main.storyboard */,
			);
			path = View;
			sourceTree = "<group>";
		};
		62FBDAA52AF99154002E396C /* Controller */ = {
			isa = PBXGroup;
			children = (
				62FBDAA32AF990D9002E396C /* WelcomViewController.swift */,
				62FBDAA62AF99173002E396C /* RegisterViewController.swift */,
				62FBDAA82AF99180002E396C /* LoginViewController.swift */,
				621385582AFC0219005551C8 /* MainViewController.swift */,
				62009C182AFBC7F400151801 /* AddJobViewController.swift */,
				621385562AFC01E1005551C8 /* MessagesViewController.swift */,
				621385542AFC01CE005551C8 /* ProfileViewController.swift */,
			);
			path = Controller;
			sourceTree = "<group>";
		};
/* End PBXGroup section */

/* Begin PBXNativeTarget section */
		628E03492AF9770D009C503B /* Freelance */ = {
			isa = PBXNativeTarget;
			buildConfigurationList = 628E035E2AF9770F009C503B /* Build configuration list for PBXNativeTarget "Freelance" */;
			buildPhases = (
				628E03462AF9770D009C503B /* Sources */,
				628E03472AF9770D009C503B /* Frameworks */,
				628E03482AF9770D009C503B /* Resources */,
			);
			buildRules = (
			);
			dependencies = (
			);
			name = Freelance;
			packageProductDependencies = (
				62CE2AD02AFD8E84004B9E9B /* FirebaseAnalytics */,
				62CE2AD22AFD8E84004B9E9B /* FirebaseAuth */,
				62CE2AD42AFD8E84004B9E9B /* FirebaseDatabase */,
				62CE2AD62AFD8E84004B9E9B /* FirebaseDatabaseSwift */,
				62CE2AD82AFD8E84004B9E9B /* FirebaseFirestore */,
				62CE2ADA2AFD8E84004B9E9B /* FirebaseMessaging */,
				62CE2ADC2AFD8E84004B9E9B /* FirebaseStorage */,
			);
			productName = Freelance;
			productReference = 628E034A2AF9770D009C503B /* Freelance.app */;
			productType = "com.apple.product-type.application";
		};
/* End PBXNativeTarget section */

/* Begin PBXProject section */
		628E03422AF9770D009C503B /* Project object */ = {
			isa = PBXProject;
			attributes = {
				BuildIndependentTargetsInParallel = 1;
				LastSwiftUpdateCheck = 1430;
				LastUpgradeCheck = 1430;
				TargetAttributes = {
					628E03492AF9770D009C503B = {
						CreatedOnToolsVersion = 14.3;
					};
				};
			};
			buildConfigurationList = 628E03452AF9770D009C503B /* Build configuration list for PBXProject "Freelance" */;
			compatibilityVersion = "Xcode 14.0";
			developmentRegion = en;
			hasScannedForEncodings = 0;
			knownRegions = (
				en,
				Base,
			);
			mainGroup = 628E03412AF9770D009C503B;
			packageReferences = (
				62CE2ACF2AFD8E84004B9E9B /* XCRemoteSwiftPackageReference "firebase-ios-sdk" */,
			);
			productRefGroup = 628E034B2AF9770D009C503B /* Products */;
			projectDirPath = "";
			projectRoot = "";
			targets = (
				628E03492AF9770D009C503B /* Freelance */,
			);
		};
/* End PBXProject section */

/* Begin PBXResourcesBuildPhase section */
		628E03482AF9770D009C503B /* Resources */ = {
			isa = PBXResourcesBuildPhase;
			buildActionMask = 2147483647;
			files = (
				628E035A2AF9770F009C503B /* LaunchScreen.storyboard in Resources */,
				62471CA12AFABB730098FB7A /* GoogleService-Info.plist in Resources */,
				629064A52AFAC466003C7CBF /* GoogleService2-Info.plist in Resources */,
				628E03572AF9770F009C503B /* Assets.xcassets in Resources */,
				628E03552AF9770D009C503B /* Main.storyboard in Resources */,
			);
			runOnlyForDeploymentPostprocessing = 0;
		};
/* End PBXResourcesBuildPhase section */

/* Begin PBXSourcesBuildPhase section */
		628E03462AF9770D009C503B /* Sources */ = {
			isa = PBXSourcesBuildPhase;
			buildActionMask = 2147483647;
			files = (
				62CE2ACC2AFD6087004B9E9B /* Cities.swift in Sources */,
				621385572AFC01E1005551C8 /* MessagesViewController.swift in Sources */,
				621385592AFC0219005551C8 /* MainViewController.swift in Sources */,
				628E034E2AF9770D009C503B /* AppDelegate.swift in Sources */,
				628E03502AF9770D009C503B /* SceneDelegate.swift in Sources */,
				62FBDAA42AF990D9002E396C /* WelcomViewController.swift in Sources */,
				621385552AFC01CE005551C8 /* ProfileViewController.swift in Sources */,
				62009C192AFBC7F400151801 /* AddJobViewController.swift in Sources */,
				62FBDAA92AF99180002E396C /* LoginViewController.swift in Sources */,
				62FBDAA72AF99173002E396C /* RegisterViewController.swift in Sources */,
				629064B02AFAC838003C7CBF /* Constant.swift in Sources */,
				62009C1C2AFBD7AE00151801 /* Job.swift in Sources */,
				62CE2ACE2AFD6094004B9E9B /* Categories.swift in Sources */,
			);
			runOnlyForDeploymentPostprocessing = 0;
		};
/* End PBXSourcesBuildPhase section */

/* Begin PBXVariantGroup section */
		628E03532AF9770D009C503B /* Main.storyboard */ = {
			isa = PBXVariantGroup;
			children = (
				628E03542AF9770D009C503B /* Base */,
			);
			name = Main.storyboard;
			sourceTree = "<group>";
		};
		628E03582AF9770F009C503B /* LaunchScreen.storyboard */ = {
			isa = PBXVariantGroup;
			children = (
				628E03592AF9770F009C503B /* Base */,
			);
			name = LaunchScreen.storyboard;
			sourceTree = "<group>";
		};
/* End PBXVariantGroup section */

/* Begin XCBuildConfiguration section */
		628E035C2AF9770F009C503B /* Debug */ = {
			isa = XCBuildConfiguration;
			buildSettings = {
				ALWAYS_SEARCH_USER_PATHS = NO;
				CLANG_ANALYZER_NONNULL = YES;
				CLANG_ANALYZER_NUMBER_OBJECT_CONVERSION = YES_AGGRESSIVE;
				CLANG_CXX_LANGUAGE_STANDARD = "gnu++20";
				CLANG_ENABLE_MODULES = YES;
				CLANG_ENABLE_OBJC_ARC = YES;
				CLANG_ENABLE_OBJC_WEAK = YES;
				CLANG_WARN_BLOCK_CAPTURE_AUTORELEASING = YES;
				CLANG_WARN_BOOL_CONVERSION = YES;
				CLANG_WARN_COMMA = YES;
				CLANG_WARN_CONSTANT_CONVERSION = YES;
				CLANG_WARN_DEPRECATED_OBJC_IMPLEMENTATIONS = YES;
				CLANG_WARN_DIRECT_OBJC_ISA_USAGE = YES_ERROR;
				CLANG_WARN_DOCUMENTATION_COMMENTS = YES;
				CLANG_WARN_EMPTY_BODY = YES;
				CLANG_WARN_ENUM_CONVERSION = YES;
				CLANG_WARN_INFINITE_RECURSION = YES;
				CLANG_WARN_INT_CONVERSION = YES;
				CLANG_WARN_NON_LITERAL_NULL_CONVERSION = YES;
				CLANG_WARN_OBJC_IMPLICIT_RETAIN_SELF = YES;
				CLANG_WARN_OBJC_LITERAL_CONVERSION = YES;
				CLANG_WARN_OBJC_ROOT_CLASS = YES_ERROR;
				CLANG_WARN_QUOTED_INCLUDE_IN_FRAMEWORK_HEADER = YES;
				CLANG_WARN_RANGE_LOOP_ANALYSIS = YES;
				CLANG_WARN_STRICT_PROTOTYPES = YES;
				CLANG_WARN_SUSPICIOUS_MOVE = YES;
				CLANG_WARN_UNGUARDED_AVAILABILITY = YES_AGGRESSIVE;
				CLANG_WARN_UNREACHABLE_CODE = YES;
				CLANG_WARN__DUPLICATE_METHOD_MATCH = YES;
				COPY_PHASE_STRIP = NO;
				DEBUG_INFORMATION_FORMAT = dwarf;
				ENABLE_STRICT_OBJC_MSGSEND = YES;
				ENABLE_TESTABILITY = YES;
				GCC_C_LANGUAGE_STANDARD = gnu11;
				GCC_DYNAMIC_NO_PIC = NO;
				GCC_NO_COMMON_BLOCKS = YES;
				GCC_OPTIMIZATION_LEVEL = 0;
				GCC_PREPROCESSOR_DEFINITIONS = (
					"DEBUG=1",
					"$(inherited)",
				);
				GCC_WARN_64_TO_32_BIT_CONVERSION = YES;
				GCC_WARN_ABOUT_RETURN_TYPE = YES_ERROR;
				GCC_WARN_UNDECLARED_SELECTOR = YES;
				GCC_WARN_UNINITIALIZED_AUTOS = YES_AGGRESSIVE;
				GCC_WARN_UNUSED_FUNCTION = YES;
				GCC_WARN_UNUSED_VARIABLE = YES;
				IPHONEOS_DEPLOYMENT_TARGET = 16.4;
				MTL_ENABLE_DEBUG_INFO = INCLUDE_SOURCE;
				MTL_FAST_MATH = YES;
				ONLY_ACTIVE_ARCH = YES;
				SDKROOT = iphoneos;
				SWIFT_ACTIVE_COMPILATION_CONDITIONS = DEBUG;
				SWIFT_OPTIMIZATION_LEVEL = "-Onone";
			};
			name = Debug;
		};
		628E035D2AF9770F009C503B /* Release */ = {
			isa = XCBuildConfiguration;
			buildSettings = {
				ALWAYS_SEARCH_USER_PATHS = NO;
				CLANG_ANALYZER_NONNULL = YES;
				CLANG_ANALYZER_NUMBER_OBJECT_CONVERSION = YES_AGGRESSIVE;
				CLANG_CXX_LANGUAGE_STANDARD = "gnu++20";
				CLANG_ENABLE_MODULES = YES;
				CLANG_ENABLE_OBJC_ARC = YES;
				CLANG_ENABLE_OBJC_WEAK = YES;
				CLANG_WARN_BLOCK_CAPTURE_AUTORELEASING = YES;
				CLANG_WARN_BOOL_CONVERSION = YES;
				CLANG_WARN_COMMA = YES;
				CLANG_WARN_CONSTANT_CONVERSION = YES;
				CLANG_WARN_DEPRECATED_OBJC_IMPLEMENTATIONS = YES;
				CLANG_WARN_DIRECT_OBJC_ISA_USAGE = YES_ERROR;
				CLANG_WARN_DOCUMENTATION_COMMENTS = YES;
				CLANG_WARN_EMPTY_BODY = YES;
				CLANG_WARN_ENUM_CONVERSION = YES;
				CLANG_WARN_INFINITE_RECURSION = YES;
				CLANG_WARN_INT_CONVERSION = YES;
				CLANG_WARN_NON_LITERAL_NULL_CONVERSION = YES;
				CLANG_WARN_OBJC_IMPLICIT_RETAIN_SELF = YES;
				CLANG_WARN_OBJC_LITERAL_CONVERSION = YES;
				CLANG_WARN_OBJC_ROOT_CLASS = YES_ERROR;
				CLANG_WARN_QUOTED_INCLUDE_IN_FRAMEWORK_HEADER = YES;
				CLANG_WARN_RANGE_LOOP_ANALYSIS = YES;
				CLANG_WARN_STRICT_PROTOTYPES = YES;
				CLANG_WARN_SUSPICIOUS_MOVE = YES;
				CLANG_WARN_UNGUARDED_AVAILABILITY = YES_AGGRESSIVE;
				CLANG_WARN_UNREACHABLE_CODE = YES;
				CLANG_WARN__DUPLICATE_METHOD_MATCH = YES;
				COPY_PHASE_STRIP = NO;
				DEBUG_INFORMATION_FORMAT = "dwarf-with-dsym";
				ENABLE_NS_ASSERTIONS = NO;
				ENABLE_STRICT_OBJC_MSGSEND = YES;
				GCC_C_LANGUAGE_STANDARD = gnu11;
				GCC_NO_COMMON_BLOCKS = YES;
				GCC_WARN_64_TO_32_BIT_CONVERSION = YES;
				GCC_WARN_ABOUT_RETURN_TYPE = YES_ERROR;
				GCC_WARN_UNDECLARED_SELECTOR = YES;
				GCC_WARN_UNINITIALIZED_AUTOS = YES_AGGRESSIVE;
				GCC_WARN_UNUSED_FUNCTION = YES;
				GCC_WARN_UNUSED_VARIABLE = YES;
				IPHONEOS_DEPLOYMENT_TARGET = 16.4;
				MTL_ENABLE_DEBUG_INFO = NO;
				MTL_FAST_MATH = YES;
				SDKROOT = iphoneos;
				SWIFT_COMPILATION_MODE = wholemodule;
				SWIFT_OPTIMIZATION_LEVEL = "-O";
				VALIDATE_PRODUCT = YES;
			};
			name = Release;
		};
		628E035F2AF9770F009C503B /* Debug */ = {
			isa = XCBuildConfiguration;
			buildSettings = {
				ASSETCATALOG_COMPILER_APPICON_NAME = AppIcon;
				ASSETCATALOG_COMPILER_GLOBAL_ACCENT_COLOR_NAME = AccentColor;
				CODE_SIGN_STYLE = Automatic;
				CURRENT_PROJECT_VERSION = 1;
				GENERATE_INFOPLIST_FILE = YES;
				INFOPLIST_FILE = Freelance/Info.plist;
				INFOPLIST_KEY_UIApplicationSupportsIndirectInputEvents = YES;
				INFOPLIST_KEY_UILaunchStoryboardName = LaunchScreen;
				INFOPLIST_KEY_UIMainStoryboardFile = Main;
				INFOPLIST_KEY_UISupportedInterfaceOrientations_iPad = "UIInterfaceOrientationPortrait UIInterfaceOrientationPortraitUpsideDown UIInterfaceOrientationLandscapeLeft UIInterfaceOrientationLandscapeRight";
				INFOPLIST_KEY_UISupportedInterfaceOrientations_iPhone = "UIInterfaceOrientationPortrait UIInterfaceOrientationLandscapeLeft UIInterfaceOrientationLandscapeRight";
				LD_RUNPATH_SEARCH_PATHS = (
					"$(inherited)",
					"@executable_path/Frameworks",
				);
				MARKETING_VERSION = 1.0;
				PRODUCT_BUNDLE_IDENTIFIER = co.ulascancicek.Freelance;
				PRODUCT_NAME = "$(TARGET_NAME)";
				SWIFT_EMIT_LOC_STRINGS = YES;
				SWIFT_VERSION = 5.0;
				TARGETED_DEVICE_FAMILY = "1,2";
			};
			name = Debug;
		};
		628E03602AF9770F009C503B /* Release */ = {
			isa = XCBuildConfiguration;
			buildSettings = {
				ASSETCATALOG_COMPILER_APPICON_NAME = AppIcon;
				ASSETCATALOG_COMPILER_GLOBAL_ACCENT_COLOR_NAME = AccentColor;
				CODE_SIGN_STYLE = Automatic;
				CURRENT_PROJECT_VERSION = 1;
				GENERATE_INFOPLIST_FILE = YES;
				INFOPLIST_FILE = Freelance/Info.plist;
				INFOPLIST_KEY_UIApplicationSupportsIndirectInputEvents = YES;
				INFOPLIST_KEY_UILaunchStoryboardName = LaunchScreen;
				INFOPLIST_KEY_UIMainStoryboardFile = Main;
				INFOPLIST_KEY_UISupportedInterfaceOrientations_iPad = "UIInterfaceOrientationPortrait UIInterfaceOrientationPortraitUpsideDown UIInterfaceOrientationLandscapeLeft UIInterfaceOrientationLandscapeRight";
				INFOPLIST_KEY_UISupportedInterfaceOrientations_iPhone = "UIInterfaceOrientationPortrait UIInterfaceOrientationLandscapeLeft UIInterfaceOrientationLandscapeRight";
				LD_RUNPATH_SEARCH_PATHS = (
					"$(inherited)",
					"@executable_path/Frameworks",
				);
				MARKETING_VERSION = 1.0;
				PRODUCT_BUNDLE_IDENTIFIER = co.ulascancicek.Freelance;
				PRODUCT_NAME = "$(TARGET_NAME)";
				SWIFT_EMIT_LOC_STRINGS = YES;
				SWIFT_VERSION = 5.0;
				TARGETED_DEVICE_FAMILY = "1,2";
			};
			name = Release;
		};
/* End XCBuildConfiguration section */

/* Begin XCConfigurationList section */
		628E03452AF9770D009C503B /* Build configuration list for PBXProject "Freelance" */ = {
			isa = XCConfigurationList;
			buildConfigurations = (
				628E035C2AF9770F009C503B /* Debug */,
				628E035D2AF9770F009C503B /* Release */,
			);
			defaultConfigurationIsVisible = 0;
			defaultConfigurationName = Release;
		};
		628E035E2AF9770F009C503B /* Build configuration list for PBXNativeTarget "Freelance" */ = {
			isa = XCConfigurationList;
			buildConfigurations = (
				628E035F2AF9770F009C503B /* Debug */,
				628E03602AF9770F009C503B /* Release */,
			);
			defaultConfigurationIsVisible = 0;
			defaultConfigurationName = Release;
		};
/* End XCConfigurationList section */

/* Begin XCRemoteSwiftPackageReference section */
		62CE2ACF2AFD8E84004B9E9B /* XCRemoteSwiftPackageReference "firebase-ios-sdk" */ = {
			isa = XCRemoteSwiftPackageReference;
			repositoryURL = "https://github.com/firebase/firebase-ios-sdk";
			requirement = {
				kind = upToNextMajorVersion;
				minimumVersion = 10.0.0;
			};
		};
/* End XCRemoteSwiftPackageReference section */

/* Begin XCSwiftPackageProductDependency section */
		62CE2AD02AFD8E84004B9E9B /* FirebaseAnalytics */ = {
			isa = XCSwiftPackageProductDependency;
			package = 62CE2ACF2AFD8E84004B9E9B /* XCRemoteSwiftPackageReference "firebase-ios-sdk" */;
			productName = FirebaseAnalytics;
		};
		62CE2AD22AFD8E84004B9E9B /* FirebaseAuth */ = {
			isa = XCSwiftPackageProductDependency;
			package = 62CE2ACF2AFD8E84004B9E9B /* XCRemoteSwiftPackageReference "firebase-ios-sdk" */;
			productName = FirebaseAuth;
		};
		62CE2AD42AFD8E84004B9E9B /* FirebaseDatabase */ = {
			isa = XCSwiftPackageProductDependency;
			package = 62CE2ACF2AFD8E84004B9E9B /* XCRemoteSwiftPackageReference "firebase-ios-sdk" */;
			productName = FirebaseDatabase;
		};
		62CE2AD62AFD8E84004B9E9B /* FirebaseDatabaseSwift */ = {
			isa = XCSwiftPackageProductDependency;
			package = 62CE2ACF2AFD8E84004B9E9B /* XCRemoteSwiftPackageReference "firebase-ios-sdk" */;
			productName = FirebaseDatabaseSwift;
		};
		62CE2AD82AFD8E84004B9E9B /* FirebaseFirestore */ = {
			isa = XCSwiftPackageProductDependency;
			package = 62CE2ACF2AFD8E84004B9E9B /* XCRemoteSwiftPackageReference "firebase-ios-sdk" */;
			productName = FirebaseFirestore;
		};
		62CE2ADA2AFD8E84004B9E9B /* FirebaseMessaging */ = {
			isa = XCSwiftPackageProductDependency;
			package = 62CE2ACF2AFD8E84004B9E9B /* XCRemoteSwiftPackageReference "firebase-ios-sdk" */;
			productName = FirebaseMessaging;
		};
		62CE2ADC2AFD8E84004B9E9B /* FirebaseStorage */ = {
			isa = XCSwiftPackageProductDependency;
			package = 62CE2ACF2AFD8E84004B9E9B /* XCRemoteSwiftPackageReference "firebase-ios-sdk" */;
			productName = FirebaseStorage;
		};
/* End XCSwiftPackageProductDependency section */
	};
	rootObject = 628E03422AF9770D009C503B /* Project object */;
}
